<?xml version="1.0" encoding="utf-8"?>
<Project ToolsVersion="4.0" xmlns="http://schemas.microsoft.com/developer/msbuild/2003">
  <ItemGroup>
    <Filter Include="vee">
      <UniqueIdentifier>{b57af8a6-9f2a-4625-8a7c-748763084b6a}</UniqueIdentifier>
    </Filter>
    <Filter Include="vee\test">
      <UniqueIdentifier>{2d331f38-a827-4982-8802-0ceec8278653}</UniqueIdentifier>
    </Filter>
    <Filter Include="test">
      <UniqueIdentifier>{3133e53b-e6ab-4ae0-8dfe-a938e4d11260}</UniqueIdentifier>
    </Filter>
    <Filter Include="io">
      <UniqueIdentifier>{3546bbf1-b078-4684-910d-d81abeaf0a18}</UniqueIdentifier>
    </Filter>
    <Filter Include="vee\lockfree">
      <UniqueIdentifier>{1c137e37-8330-4cc0-a126-2a8acbda6c0a}</UniqueIdentifier>
    </Filter>
    <Filter Include="vee\net">
      <UniqueIdentifier>{b855bb26-4925-46d5-9917-30f8f4fcc699}</UniqueIdentifier>
    </Filter>
    <Filter Include="net">
      <UniqueIdentifier>{13b3740b-6262-48b8-9932-5f1e79b517ea}</UniqueIdentifier>
    </Filter>
    <Filter Include="vee\core">
      <UniqueIdentifier>{85b71d1d-09fe-43c4-bf77-f93ce9c3c0f2}</UniqueIdentifier>
    </Filter>
    <Filter Include="vee\io">
      <UniqueIdentifier>{bb2b49ec-4890-47bb-8065-22a89d9a02dd}</UniqueIdentifier>
    </Filter>
    <Filter Include="vee\io\detail">
      <UniqueIdentifier>{b6f6b763-79dd-4b90-b708-aa14fa2cd367}</UniqueIdentifier>
    </Filter>
    <Filter Include="exceptions">
      <UniqueIdentifier>{143e12bd-f93d-4e4c-af21-4dbf49168aa2}</UniqueIdentifier>
    </Filter>
    <Filter Include="console">
      <UniqueIdentifier>{126f025b-2347-4467-bda8-60fa1988b7db}</UniqueIdentifier>
    </Filter>
  </ItemGroup>
  <ItemGroup>
    <ClInclude Include="vee\enumeration.h">
      <Filter>vee</Filter>
    </ClInclude>
    <ClInclude Include="vee\delegate.h">
      <Filter>vee</Filter>
    </ClInclude>
    <ClInclude Include="vee\tupleupk.h">
      <Filter>vee</Filter>
    </ClInclude>
    <ClInclude Include="vee\test\testobj.h">
      <Filter>vee\test</Filter>
    </ClInclude>
    <ClInclude Include="vee\mpmath.h">
      <Filter>vee</Filter>
    </ClInclude>
    <ClInclude Include="vee\mpl.h">
      <Filter>vee</Filter>
    </ClInclude>
    <ClInclude Include="vee\exception.h">
      <Filter>vee</Filter>
    </ClInclude>
    <ClInclude Include="vee\exl.h">
      <Filter>vee</Filter>
    </ClInclude>
    <ClInclude Include="vee\lockfree\queue.h">
      <Filter>vee\lockfree</Filter>
    </ClInclude>
    <ClInclude Include="vee\test\timerec.h">
      <Filter>vee\test</Filter>
    </ClInclude>
    <ClInclude Include="vee\lock.h">
      <Filter>vee</Filter>
    </ClInclude>
    <ClInclude Include="vee\worker.h">
      <Filter>vee</Filter>
    </ClInclude>
    <ClInclude Include="vee\lockfree.h">
      <Filter>vee</Filter>
    </ClInclude>
    <ClInclude Include="vee\queue.h">
      <Filter>vee</Filter>
    </ClInclude>
    <ClInclude Include="vee\lockfree\stack.h">
      <Filter>vee\lockfree</Filter>
    </ClInclude>
    <ClInclude Include="vee\lockfree\list.h">
      <Filter>vee\lockfree</Filter>
    </ClInclude>
    <ClInclude Include="vee\net.h">
      <Filter>vee</Filter>
    </ClInclude>
    <ClInclude Include="vee\platform.h">
      <Filter>vee</Filter>
    </ClInclude>
    <ClInclude Include="vee\net\tcp.h">
      <Filter>vee\net</Filter>
    </ClInclude>
    <ClInclude Include="vee\lib_base.h">
      <Filter>vee</Filter>
    </ClInclude>
    <ClInclude Include="vee\core\noncopyable.h">
      <Filter>vee\core</Filter>
    </ClInclude>
    <ClInclude Include="vee\io\detail\io_service_kernel.h">
      <Filter>vee\io\detail</Filter>
    </ClInclude>
    <ClInclude Include="vee\io\stream.h">
      <Filter>vee\io</Filter>
    </ClInclude>
    <ClInclude Include="vee\io\io_base.h">
      <Filter>vee\io</Filter>
    </ClInclude>
    <ClInclude Include="vee\io\io_service.h">
      <Filter>vee\io</Filter>
    </ClInclude>
    <ClInclude Include="vee\console.h">
      <Filter>vee</Filter>
    </ClInclude>
    <ClInclude Include="vee\net\udp.h">
      <Filter>vee\net</Filter>
    </ClInclude>
  </ItemGroup>
  <ItemGroup>
    <ClCompile Include="test\testobj.cpp">
      <Filter>test</Filter>
    </ClCompile>
    <ClCompile Include="ex\exception.cpp">
      <Filter>exceptions</Filter>
    </ClCompile>
    <ClCompile Include="ex\exl.cpp">
      <Filter>exceptions</Filter>
    </ClCompile>
    <ClCompile Include="test\timerec.cpp">
      <Filter>test</Filter>
    </ClCompile>
    <ClCompile Include="ex\exl_worker.cpp">
      <Filter>exceptions</Filter>
    </ClCompile>
    <ClCompile Include="net\tcp.cpp">
      <Filter>net</Filter>
    </ClCompile>
    <ClCompile Include="ex\exl_net.cpp">
      <Filter>exceptions</Filter>
    </ClCompile>
    <ClCompile Include="io\io_base.cpp">
      <Filter>io</Filter>
    </ClCompile>
    <ClCompile Include="io\io_service.cpp">
      <Filter>io</Filter>
    </ClCompile>
    <ClCompile Include="ex\exl_io.cpp">
      <Filter>exceptions</Filter>
    </ClCompile>
    <ClCompile Include="console\print.cpp">
      <Filter>console</Filter>
    </ClCompile>
    <ClCompile Include="net\udp.cpp">
      <Filter>net</Filter>
    </ClCompile>
    <ClCompile Include="io\stream.cpp">
      <Filter>io</Filter>
    </ClCompile>
    <ClCompile Include="net\net.cpp">
      <Filter>net</Filter>
    </ClCompile>
  </ItemGroup>
</Project>