
Microsoft Visual Studio Solution File, Format Version 12.00
# Visual Studio 14
VisualStudioVersion = 14.0.25123.0
MinimumVisualStudioVersion = 10.0.40219.1
Project("{8BC9CEB8-8B4A-11D0-8D11-00A0C91BC942}") = "simple_tcp_echo-server", "simple_tcp_echo-server\simple_tcp_echo-server.vcxproj", "{09022001-A1E8-4DD7-B1A9-E0A863F3E054}"
EndProject
Project("{8BC9CEB8-8B4A-11D0-8D11-00A0C91BC942}") = "simple_tcp_client", "simple_tcp_client\simple_tcp_client.vcxproj", "{8944FB80-86A0-409F-A3C3-22A441A68256}"
EndProject
Project("{8BC9CEB8-8B4A-11D0-8D11-00A0C91BC942}") = "simple_async_tcp_echo-server", "simple_async_tcp_echo-server\simple_async_tcp_echo-server.vcxproj", "{78074251-C8E0-4A06-ACE0-F6972A1DEAD5}"
EndProject
Global
	GlobalSection(SolutionConfigurationPlatforms) = preSolution
		VS2015-Debug|x32 = VS2015-Debug|x32
		VS2015-Debug|x64 = VS2015-Debug|x64
		VS2015-Debug|x86 = VS2015-Debug|x86
		VS2015-Release|x32 = VS2015-Release|x32
		VS2015-Release|x64 = VS2015-Release|x64
		VS2015-Release|x86 = VS2015-Release|x86
	EndGlobalSection
	GlobalSection(ProjectConfigurationPlatforms) = postSolution
		{09022001-A1E8-4DD7-B1A9-E0A863F3E054}.VS2015-Debug|x32.ActiveCfg = VS2015-Debug|Win32
		{09022001-A1E8-4DD7-B1A9-E0A863F3E054}.VS2015-Debug|x32.Build.0 = VS2015-Debug|Win32
		{09022001-A1E8-4DD7-B1A9-E0A863F3E054}.VS2015-Debug|x64.ActiveCfg = VS2015-Debug|x64
		{09022001-A1E8-4DD7-B1A9-E0A863F3E054}.VS2015-Debug|x64.Build.0 = VS2015-Debug|x64
		{09022001-A1E8-4DD7-B1A9-E0A863F3E054}.VS2015-Debug|x86.ActiveCfg = VS2015-Debug|Win32
		{09022001-A1E8-4DD7-B1A9-E0A863F3E054}.VS2015-Debug|x86.Build.0 = VS2015-Debug|Win32
		{09022001-A1E8-4DD7-B1A9-E0A863F3E054}.VS2015-Release|x32.ActiveCfg = VS2015-Release|Win32
		{09022001-A1E8-4DD7-B1A9-E0A863F3E054}.VS2015-Release|x64.ActiveCfg = VS2015-Release|x64
		{09022001-A1E8-4DD7-B1A9-E0A863F3E054}.VS2015-Release|x64.Build.0 = VS2015-Release|x64
		{09022001-A1E8-4DD7-B1A9-E0A863F3E054}.VS2015-Release|x86.ActiveCfg = VS2015-Release|Win32
		{09022001-A1E8-4DD7-B1A9-E0A863F3E054}.VS2015-Release|x86.Build.0 = VS2015-Release|Win32
		{8944FB80-86A0-409F-A3C3-22A441A68256}.VS2015-Debug|x32.ActiveCfg = VS2015-Debug|Win32
		{8944FB80-86A0-409F-A3C3-22A441A68256}.VS2015-Debug|x32.Build.0 = VS2015-Debug|Win32
		{8944FB80-86A0-409F-A3C3-22A441A68256}.VS2015-Debug|x64.ActiveCfg = VS2015-Debug|x64
		{8944FB80-86A0-409F-A3C3-22A441A68256}.VS2015-Debug|x64.Build.0 = VS2015-Debug|x64
		{8944FB80-86A0-409F-A3C3-22A441A68256}.VS2015-Debug|x86.ActiveCfg = VS2015-Debug|Win32
		{8944FB80-86A0-409F-A3C3-22A441A68256}.VS2015-Debug|x86.Build.0 = VS2015-Debug|Win32
		{8944FB80-86A0-409F-A3C3-22A441A68256}.VS2015-Release|x32.ActiveCfg = VS2015-Release|Win32
		{8944FB80-86A0-409F-A3C3-22A441A68256}.VS2015-Release|x64.ActiveCfg = VS2015-Release|x64
		{8944FB80-86A0-409F-A3C3-22A441A68256}.VS2015-Release|x64.Build.0 = VS2015-Release|x64
		{8944FB80-86A0-409F-A3C3-22A441A68256}.VS2015-Release|x86.ActiveCfg = VS2015-Release|Win32
		{8944FB80-86A0-409F-A3C3-22A441A68256}.VS2015-Release|x86.Build.0 = VS2015-Release|Win32
		{78074251-C8E0-4A06-ACE0-F6972A1DEAD5}.VS2015-Debug|x32.ActiveCfg = VS2015-Debug|Win32
		{78074251-C8E0-4A06-ACE0-F6972A1DEAD5}.VS2015-Debug|x64.ActiveCfg = VS2015-Debug|x64
		{78074251-C8E0-4A06-ACE0-F6972A1DEAD5}.VS2015-Debug|x64.Build.0 = VS2015-Debug|x64
		{78074251-C8E0-4A06-ACE0-F6972A1DEAD5}.VS2015-Debug|x86.ActiveCfg = VS2015-Debug|Win32
		{78074251-C8E0-4A06-ACE0-F6972A1DEAD5}.VS2015-Debug|x86.Build.0 = VS2015-Debug|Win32
		{78074251-C8E0-4A06-ACE0-F6972A1DEAD5}.VS2015-Release|x32.ActiveCfg = VS2015-Release|Win32
		{78074251-C8E0-4A06-ACE0-F6972A1DEAD5}.VS2015-Release|x64.ActiveCfg = VS2015-Release|x64
		{78074251-C8E0-4A06-ACE0-F6972A1DEAD5}.VS2015-Release|x64.Build.0 = VS2015-Release|x64
		{78074251-C8E0-4A06-ACE0-F6972A1DEAD5}.VS2015-Release|x86.ActiveCfg = VS2015-Release|Win32
		{78074251-C8E0-4A06-ACE0-F6972A1DEAD5}.VS2015-Release|x86.Build.0 = VS2015-Release|Win32
	EndGlobalSection
	GlobalSection(SolutionProperties) = preSolution
		HideSolutionNode = FALSE
	EndGlobalSection
EndGlobal
